uuid: b5dc918d-add6-4330-bd13-26bb99450b6d
langcode: en
status: true
dependencies:
  config:
    - contact.form.feedback
  module:
    - contact_block
  theme:
    - bartik
id: contactblock
theme: bartik
region: sidebar_first
weight: 0
provider: null
plugin: contact_block
settings:
  id: contact_block
  label: 'Contact block'
  provider: contact_block
  label_display: visible
  contact_form: feedback
visibility: {  }
